
Microsoft Visual Studio Solution File, Format Version 12.00
# Visual Studio Version 17
VisualStudioVersion = 17.5.33627.172
MinimumVisualStudioVersion = 10.0.40219.1
Project("{FAE04EC0-301F-11D3-BF4B-00C04F79EFBC}") = "SnakeLadder", "SnakeLadder.csproj", "{40ACD719-A8F3-4A2C-B947-C26D8EC932ED}"
EndProject
Global
	GlobalSection(SolutionConfigurationPlatforms) = preSolution
		Debug|Any CPU = Debug|Any CPU
		Release|Any CPU = Release|Any CPU
	EndGlobalSection
	GlobalSection(ProjectConfigurationPlatforms) = postSolution
		{40ACD719-A8F3-4A2C-B947-C26D8EC932ED}.Debug|Any CPU.ActiveCfg = Debug|Any CPU
		{40ACD719-A8F3-4A2C-B947-C26D8EC932ED}.Debug|Any CPU.Build.0 = Debug|Any CPU
		{40ACD719-A8F3-4A2C-B947-C26D8EC932ED}.Release|Any CPU.ActiveCfg = Release|Any CPU
		{40ACD719-A8F3-4A2C-B947-C26D8EC932ED}.Release|Any CPU.Build.0 = Release|Any CPU
	EndGlobalSection
	GlobalSection(SolutionProperties) = preSolution
		HideSolutionNode = FALSE
	EndGlobalSection
	GlobalSection(ExtensibilityGlobals) = postSolution
		SolutionGuid = {0320AA3D-8D40-46F7-902E-F37ADD7B64F7}
	EndGlobalSection
EndGlobal
